{
  "name": "mtengines",
  "version": "4.1.0",
  "lockfileVersion": 3,
  "requires": true,
  "packages": {
    "": {
      "name": "mtengines",
      "version": "4.1.0",
      "license": "EPL-1.0",
      "dependencies": {
        "@anthropic-ai/sdk": "^0.71.2",
        "@mistralai/mistralai": "^1.11.0",
        "openai": "^6.15.0",
        "typesbcp47": "1.16.0",
        "typesxml": "1.17.0"
      },
      "devDependencies": {
        "@types/node": "^24.10.4",
        "typescript": "^5.9.3"
      }
    },
    "node_modules/@anthropic-ai/sdk": {
      "version": "0.71.2",
      "resolved": "https://registry.npmjs.org/@anthropic-ai/sdk/-/sdk-0.71.2.tgz",
      "integrity": "sha512-TGNDEUuEstk/DKu0/TflXAEt+p+p/WhTlFzEnoosvbaDU2LTjm42igSdlL0VijrKpWejtOKxX0b8A7uc+XiSAQ==",
      "license": "MIT",
      "dependencies": {
        "json-schema-to-ts": "^3.1.1"
      },
      "bin": {
        "anthropic-ai-sdk": "bin/cli"
      },
      "peerDependencies": {
        "zod": "^3.25.0 || ^4.0.0"
      },
      "peerDependenciesMeta": {
        "zod": {
          "optional": true
        }
      }
    },
    "node_modules/@babel/runtime": {
      "version": "7.28.4",
      "resolved": "https://registry.npmjs.org/@babel/runtime/-/runtime-7.28.4.tgz",
      "integrity": "sha512-Q/N6JNWvIvPnLDvjlE1OUBLPQHH6l3CltCEsHIujp45zQUSSh8K+gHnaEX45yAT1nyngnINhvWtzN+Nb9D8RAQ==",
      "license": "MIT",
      "engines": {
        "node": ">=6.9.0"
      }
    },
    "node_modules/@mistralai/mistralai": {
      "version": "1.11.0",
      "resolved": "https://registry.npmjs.org/@mistralai/mistralai/-/mistralai-1.11.0.tgz",
      "integrity": "sha512-6/BVj2mcaggYbpMzNSxtqtM2Tv/Jb5845XFd2CMYFO+O5VBkX70iLjtkBBTI4JFhh1l9vTCIMYXBVOjLoBVHGQ==",
      "dependencies": {
        "zod": "^3.20.0",
        "zod-to-json-schema": "^3.24.1"
      }
    },
    "node_modules/@types/node": {
      "version": "24.10.6",
      "resolved": "https://registry.npmjs.org/@types/node/-/node-24.10.6.tgz",
      "integrity": "sha512-B8h60xgJMR/xmgyX9fncRzEW9gCxoJjdenUhke2v1JGOd/V66KopmWrLPXi5oUI4VuiGK+d+HlXJjDRZMj21EQ==",
      "dev": true,
      "license": "MIT",
      "dependencies": {
        "undici-types": "~7.16.0"
      }
    },
    "node_modules/json-schema-to-ts": {
      "version": "3.1.1",
      "resolved": "https://registry.npmjs.org/json-schema-to-ts/-/json-schema-to-ts-3.1.1.tgz",
      "integrity": "sha512-+DWg8jCJG2TEnpy7kOm/7/AxaYoaRbjVB4LFZLySZlWn8exGs3A4OLJR966cVvU26N7X9TWxl+Jsw7dzAqKT6g==",
      "license": "MIT",
      "dependencies": {
        "@babel/runtime": "^7.18.3",
        "ts-algebra": "^2.0.0"
      },
      "engines": {
        "node": ">=16"
      }
    },
    "node_modules/openai": {
      "version": "6.16.0",
      "resolved": "https://registry.npmjs.org/openai/-/openai-6.16.0.tgz",
      "integrity": "sha512-fZ1uBqjFUjXzbGc35fFtYKEOxd20kd9fDpFeqWtsOZWiubY8CZ1NAlXHW3iathaFvqmNtCWMIsosCuyeI7Joxg==",
      "license": "Apache-2.0",
      "bin": {
        "openai": "bin/cli"
      },
      "peerDependencies": {
        "ws": "^8.18.0",
        "zod": "^3.25 || ^4.0"
      },
      "peerDependenciesMeta": {
        "ws": {
          "optional": true
        },
        "zod": {
          "optional": true
        }
      }
    },
    "node_modules/ts-algebra": {
      "version": "2.0.0",
      "resolved": "https://registry.npmjs.org/ts-algebra/-/ts-algebra-2.0.0.tgz",
      "integrity": "sha512-FPAhNPFMrkwz76P7cdjdmiShwMynZYN6SgOujD1urY4oNm80Ou9oMdmbR45LotcKOXoy7wSmHkRFE6Mxbrhefw==",
      "license": "MIT"
    },
    "node_modules/typesbcp47": {
      "version": "1.16.0",
      "resolved": "https://registry.npmjs.org/typesbcp47/-/typesbcp47-1.16.0.tgz",
      "integrity": "sha512-eKuvCM7+3/FRr6Hd+1MST2ZL+ZyKmqqhD0bzduZG+HEpiQ3mcDh7cPHpRWH7jaR4QO9KqPdVjQ/FM/kYI+qOmw==",
      "license": "EPL-1.0",
      "dependencies": {
        "typesxml": "^1.17.0"
      }
    },
    "node_modules/typescript": {
      "version": "5.9.3",
      "resolved": "https://registry.npmjs.org/typescript/-/typescript-5.9.3.tgz",
      "integrity": "sha512-jl1vZzPDinLr9eUt3J/t7V6FgNEw9QjvBPdysz9KfQDD41fQrC2Y4vKQdiaUpFT4bXlb1RHhLpp8wtm6M5TgSw==",
      "dev": true,
      "license": "Apache-2.0",
      "bin": {
        "tsc": "bin/tsc",
        "tsserver": "bin/tsserver"
      },
      "engines": {
        "node": ">=14.17"
      }
    },
    "node_modules/typesxml": {
      "version": "1.17.0",
      "resolved": "https://registry.npmjs.org/typesxml/-/typesxml-1.17.0.tgz",
      "integrity": "sha512-DuqyP2dFWXfqhCijQwhnwZOOsG1e+z16hKjpVIxvnIOwJpNH2k8FFKopGj4hU+MhSsZ963lRfTR/04zNgxHCRg==",
      "license": "EPL-1.0"
    },
    "node_modules/undici-types": {
      "version": "7.16.0",
      "resolved": "https://registry.npmjs.org/undici-types/-/undici-types-7.16.0.tgz",
      "integrity": "sha512-Zz+aZWSj8LE6zoxD+xrjh4VfkIG8Ya6LvYkZqtUQGJPZjYl53ypCaUwWqo7eI0x66KBGeRo+mlBEkMSeSZ38Nw==",
      "dev": true,
      "license": "MIT"
    },
    "node_modules/zod": {
      "version": "3.25.76",
      "resolved": "https://registry.npmjs.org/zod/-/zod-3.25.76.tgz",
      "integrity": "sha512-gzUt/qt81nXsFGKIFcC3YnfEAx5NkunCfnDlvuBSSFS02bcXu4Lmea0AFIUwbLWxWPx3d9p8S5QoaujKcNQxcQ==",
      "license": "MIT",
      "funding": {
        "url": "https://github.com/sponsors/colinhacks"
      }
    },
    "node_modules/zod-to-json-schema": {
      "version": "3.25.1",
      "resolved": "https://registry.npmjs.org/zod-to-json-schema/-/zod-to-json-schema-3.25.1.tgz",
      "integrity": "sha512-pM/SU9d3YAggzi6MtR4h7ruuQlqKtad8e9S0fmxcMi+ueAK5Korys/aWcV9LIIHTVbj01NdzxcnXSN+O74ZIVA==",
      "license": "ISC",
      "peerDependencies": {
        "zod": "^3.25 || ^4"
      }
    }
  }
}
